Microsoft Visual Studio Solution File, Format Version 12.00
# Visual Studio 2012
Project("{FAE04EC0-301F-11D3-BF4B-00C04F79EFBC}") = "Pablo and Jack", "Pablo and Jack.csproj", "{36623F0F-5882-4C34-A6BA-737195037513}"
EndProject
Global
	GlobalSection(SolutionConfigurationPlatforms) = preSolution
	Debug|Any CPU = Debug|Any CPU
	Release|Any CPU = Release|Any CPU
	Tools|Any CPU = Tools|Any CPU
	EndGlobalSection
	GlobalSection(ProjectConfigurationPlatforms) = postSolution
		{36623F0F-5882-4C34-A6BA-737195037513}.Debug|Any CPU.ActiveCfg = Debug|Any CPU
		{36623F0F-5882-4C34-A6BA-737195037513}.Debug|Any CPU.Build.0 = Debug|Any CPU
		{36623F0F-5882-4C34-A6BA-737195037513}.Release|Any CPU.ActiveCfg = Release|Any CPU
		{36623F0F-5882-4C34-A6BA-737195037513}.Release|Any CPU.Build.0 = Release|Any CPU
		{36623F0F-5882-4C34-A6BA-737195037513}.Tools|Any CPU.ActiveCfg = Tools|Any CPU
		{36623F0F-5882-4C34-A6BA-737195037513}.Tools|Any CPU.Build.0 = Tools|Any CPU
	EndGlobalSection
EndGlobal
